// !$*UTF8*$!
{
	archiveVersion = 1;
	classes = {
	};
	objectVersion = 56;
	objects = {

/* Begin PBXBuildFile section */
		BCEB54A52B4161F0000FA68E /* AppDelegate.swift in Sources */ = {isa = PBXBuildFile; fileRef = BCEB54A42B4161F0000FA68E /* AppDelegate.swift */; };
		BCEB54A72B4161F0000FA68E /* SceneDelegate.swift in Sources */ = {isa = PBXBuildFile; fileRef = BCEB54A62B4161F0000FA68E /* SceneDelegate.swift */; };
		BCEB54A92B4161F0000FA68E /* ViewController.swift in Sources */ = {isa = PBXBuildFile; fileRef = BCEB54A82B4161F0000FA68E /* ViewController.swift */; };
		BCEB54AC2B4161F0000FA68E /* Main.storyboard in Resources */ = {isa = PBXBuildFile; fileRef = BCEB54AA2B4161F0000FA68E /* Main.storyboard */; };
		BCEB54AE2B4161F3000FA68E /* Assets.xcassets in Resources */ = {isa = PBXBuildFile; fileRef = BCEB54AD2B4161F3000FA68E /* Assets.xcassets */; };
		BCEB54B12B4161F3000FA68E /* LaunchScreen.storyboard in Resources */ = {isa = PBXBuildFile; fileRef = BCEB54AF2B4161F3000FA68E /* LaunchScreen.storyboard */; };
		BCEB54BA2B416304000FA68E /* ChangeLanguageViewController.swift in Sources */ = {isa = PBXBuildFile; fileRef = BCEB54B82B416304000FA68E /* ChangeLanguageViewController.swift */; };
		BCEB54BB2B416304000FA68E /* ChangeLanguageViewController.xib in Resources */ = {isa = PBXBuildFile; fileRef = BCEB54B92B416304000FA68E /* ChangeLanguageViewController.xib */; };
		BCEB54BE2B41631D000FA68E /* StringsListViewController.swift in Sources */ = {isa = PBXBuildFile; fileRef = BCEB54BC2B41631D000FA68E /* StringsListViewController.swift */; };
		BCEB54BF2B41631D000FA68E /* StringsListViewController.xib in Resources */ = {isa = PBXBuildFile; fileRef = BCEB54BD2B41631D000FA68E /* StringsListViewController.xib */; };
		BCEB54C12B4163B0000FA68E /* Localizable.xcstrings in Resources */ = {isa = PBXBuildFile; fileRef = BCEB54C02B4163B0000FA68E /* Localizable.xcstrings */; };
		BCEB54C32B4166C6000FA68E /* String+Localization.swift in Sources */ = {isa = PBXBuildFile; fileRef = BCEB54C22B4166C6000FA68E /* String+Localization.swift */; };
		BCEB54C52B41696E000FA68E /* LanguageManager.swift in Sources */ = {isa = PBXBuildFile; fileRef = BCEB54C42B41696E000FA68E /* LanguageManager.swift */; };
/* End PBXBuildFile section */

/* Begin PBXFileReference section */
		BCEB54A12B4161F0000FA68E /* DjangoLocalization.app */ = {isa = PBXFileReference; explicitFileType = wrapper.application; includeInIndex = 0; path = DjangoLocalization.app; sourceTree = BUILT_PRODUCTS_DIR; };
		BCEB54A42B4161F0000FA68E /* AppDelegate.swift */ = {isa = PBXFileReference; lastKnownFileType = sourcecode.swift; path = AppDelegate.swift; sourceTree = "<group>"; };
		BCEB54A62B4161F0000FA68E /* SceneDelegate.swift */ = {isa = PBXFileReference; lastKnownFileType = sourcecode.swift; path = SceneDelegate.swift; sourceTree = "<group>"; };
		BCEB54A82B4161F0000FA68E /* ViewController.swift */ = {isa = PBXFileReference; lastKnownFileType = sourcecode.swift; path = ViewController.swift; sourceTree = "<group>"; };
		BCEB54AB2B4161F0000FA68E /* Base */ = {isa = PBXFileReference; lastKnownFileType = file.storyboard; name = Base; path = Base.lproj/Main.storyboard; sourceTree = "<group>"; };
		BCEB54AD2B4161F3000FA68E /* Assets.xcassets */ = {isa = PBXFileReference; lastKnownFileType = folder.assetcatalog; path = Assets.xcassets; sourceTree = "<group>"; };
		BCEB54B02B4161F3000FA68E /* Base */ = {isa = PBXFileReference; lastKnownFileType = file.storyboard; name = Base; path = Base.lproj/LaunchScreen.storyboard; sourceTree = "<group>"; };
		BCEB54B22B4161F3000FA68E /* Info.plist */ = {isa = PBXFileReference; lastKnownFileType = text.plist.xml; path = Info.plist; sourceTree = "<group>"; };
		BCEB54B82B416304000FA68E /* ChangeLanguageViewController.swift */ = {isa = PBXFileReference; lastKnownFileType = sourcecode.swift; path = ChangeLanguageViewController.swift; sourceTree = "<group>"; };
		BCEB54B92B416304000FA68E /* ChangeLanguageViewController.xib */ = {isa = PBXFileReference; lastKnownFileType = file.xib; path = ChangeLanguageViewController.xib; sourceTree = "<group>"; };
		BCEB54BC2B41631D000FA68E /* StringsListViewController.swift */ = {isa = PBXFileReference; lastKnownFileType = sourcecode.swift; path = StringsListViewController.swift; sourceTree = "<group>"; };
		BCEB54BD2B41631D000FA68E /* StringsListViewController.xib */ = {isa = PBXFileReference; lastKnownFileType = file.xib; path = StringsListViewController.xib; sourceTree = "<group>"; };
		BCEB54C02B4163B0000FA68E /* Localizable.xcstrings */ = {isa = PBXFileReference; lastKnownFileType = text.json.xcstrings; path = Localizable.xcstrings; sourceTree = "<group>"; };
		BCEB54C22B4166C6000FA68E /* String+Localization.swift */ = {isa = PBXFileReference; lastKnownFileType = sourcecode.swift; path = "String+Localization.swift"; sourceTree = "<group>"; };
		BCEB54C42B41696E000FA68E /* LanguageManager.swift */ = {isa = PBXFileReference; lastKnownFileType = sourcecode.swift; path = LanguageManager.swift; sourceTree = "<group>"; };
/* End PBXFileReference section */

/* Begin PBXFrameworksBuildPhase section */
		BCEB549E2B4161F0000FA68E /* Frameworks */ = {
			isa = PBXFrameworksBuildPhase;
			buildActionMask = 2147483647;
			files = (
			);
			runOnlyForDeploymentPostprocessing = 0;
		};
/* End PBXFrameworksBuildPhase section */

/* Begin PBXGroup section */
		BCEB54982B4161F0000FA68E = {
			isa = PBXGroup;
			children = (
				BCEB54A32B4161F0000FA68E /* DjangoLocalization */,
				BCEB54A22B4161F0000FA68E /* Products */,
			);
			sourceTree = "<group>";
		};
		BCEB54A22B4161F0000FA68E /* Products */ = {
			isa = PBXGroup;
			children = (
				BCEB54A12B4161F0000FA68E /* DjangoLocalization.app */,
			);
			name = Products;
			sourceTree = "<group>";
		};
		BCEB54A32B4161F0000FA68E /* DjangoLocalization */ = {
			isa = PBXGroup;
			children = (
				BCEB54A42B4161F0000FA68E /* AppDelegate.swift */,
				BCEB54A62B4161F0000FA68E /* SceneDelegate.swift */,
				BCEB54A82B4161F0000FA68E /* ViewController.swift */,
				BCEB54AA2B4161F0000FA68E /* Main.storyboard */,
				BCEB54AD2B4161F3000FA68E /* Assets.xcassets */,
				BCEB54AF2B4161F3000FA68E /* LaunchScreen.storyboard */,
				BCEB54B22B4161F3000FA68E /* Info.plist */,
				BCEB54B82B416304000FA68E /* ChangeLanguageViewController.swift */,
				BCEB54B92B416304000FA68E /* ChangeLanguageViewController.xib */,
				BCEB54BC2B41631D000FA68E /* StringsListViewController.swift */,
				BCEB54BD2B41631D000FA68E /* StringsListViewController.xib */,
				BCEB54C02B4163B0000FA68E /* Localizable.xcstrings */,
				BCEB54C22B4166C6000FA68E /* String+Localization.swift */,
				BCEB54C42B41696E000FA68E /* LanguageManager.swift */,
			);
			path = DjangoLocalization;
			sourceTree = "<group>";
		};
/* End PBXGroup section */

/* Begin PBXNativeTarget section */
		BCEB54A02B4161F0000FA68E /* DjangoLocalization */ = {
			isa = PBXNativeTarget;
			buildConfigurationList = BCEB54B52B4161F3000FA68E /* Build configuration list for PBXNativeTarget "DjangoLocalization" */;
			buildPhases = (
				BCEB549D2B4161F0000FA68E /* Sources */,
				BCEB549E2B4161F0000FA68E /* Frameworks */,
				BCEB549F2B4161F0000FA68E /* Resources */,
			);
			buildRules = (
			);
			dependencies = (
			);
			name = DjangoLocalization;
			productName = DjangoLocalization;
			productReference = BCEB54A12B4161F0000FA68E /* DjangoLocalization.app */;
			productType = "com.apple.product-type.application";
		};
/* End PBXNativeTarget section */

/* Begin PBXProject section */
		BCEB54992B4161F0000FA68E /* Project object */ = {
			isa = PBXProject;
			attributes = {
				BuildIndependentTargetsInParallel = 1;
				LastSwiftUpdateCheck = 1510;
				LastUpgradeCheck = 1510;
				TargetAttributes = {
					BCEB54A02B4161F0000FA68E = {
						CreatedOnToolsVersion = 15.1;
					};
				};
			};
			buildConfigurationList = BCEB549C2B4161F0000FA68E /* Build configuration list for PBXProject "DjangoLocalization" */;
			compatibilityVersion = "Xcode 14.0";
			developmentRegion = en;
			hasScannedForEncodings = 0;
			knownRegions = (
				en,
				Base,
				hi,
			);
			mainGroup = BCEB54982B4161F0000FA68E;
			productRefGroup = BCEB54A22B4161F0000FA68E /* Products */;
			projectDirPath = "";
			projectRoot = "";
			targets = (
				BCEB54A02B4161F0000FA68E /* DjangoLocalization */,
			);
		};
/* End PBXProject section */

/* Begin PBXResourcesBuildPhase section */
		BCEB549F2B4161F0000FA68E /* Resources */ = {
			isa = PBXResourcesBuildPhase;
			buildActionMask = 2147483647;
			files = (
				BCEB54BB2B416304000FA68E /* ChangeLanguageViewController.xib in Resources */,
				BCEB54B12B4161F3000FA68E /* LaunchScreen.storyboard in Resources */,
				BCEB54C12B4163B0000FA68E /* Localizable.xcstrings in Resources */,
				BCEB54BF2B41631D000FA68E /* StringsListViewController.xib in Resources */,
				BCEB54AE2B4161F3000FA68E /* Assets.xcassets in Resources */,
				BCEB54AC2B4161F0000FA68E /* Main.storyboard in Resources */,
			);
			runOnlyForDeploymentPostprocessing = 0;
		};
/* End PBXResourcesBuildPhase section */

/* Begin PBXSourcesBuildPhase section */
		BCEB549D2B4161F0000FA68E /* Sources */ = {
			isa = PBXSourcesBuildPhase;
			buildActionMask = 2147483647;
			files = (
				BCEB54A92B4161F0000FA68E /* ViewController.swift in Sources */,
				BCEB54C52B41696E000FA68E /* LanguageManager.swift in Sources */,
				BCEB54BE2B41631D000FA68E /* StringsListViewController.swift in Sources */,
				BCEB54A52B4161F0000FA68E /* AppDelegate.swift in Sources */,
				BCEB54C32B4166C6000FA68E /* String+Localization.swift in Sources */,
				BCEB54BA2B416304000FA68E /* ChangeLanguageViewController.swift in Sources */,
				BCEB54A72B4161F0000FA68E /* SceneDelegate.swift in Sources */,
			);
			runOnlyForDeploymentPostprocessing = 0;
		};
/* End PBXSourcesBuildPhase section */

/* Begin PBXVariantGroup section */
		BCEB54AA2B4161F0000FA68E /* Main.storyboard */ = {
			isa = PBXVariantGroup;
			children = (
				BCEB54AB2B4161F0000FA68E /* Base */,
			);
			name = Main.storyboard;
			sourceTree = "<group>";
		};
		BCEB54AF2B4161F3000FA68E /* LaunchScreen.storyboard */ = {
			isa = PBXVariantGroup;
			children = (
				BCEB54B02B4161F3000FA68E /* Base */,
			);
			name = LaunchScreen.storyboard;
			sourceTree = "<group>";
		};
/* End PBXVariantGroup section */

/* Begin XCBuildConfiguration section */
		BCEB54B32B4161F3000FA68E /* Debug */ = {
			isa = XCBuildConfiguration;
			buildSettings = {
				ALWAYS_SEARCH_USER_PATHS = NO;
				ASSETCATALOG_COMPILER_GENERATE_SWIFT_ASSET_SYMBOL_EXTENSIONS = YES;
				CLANG_ANALYZER_NONNULL = YES;
				CLANG_ANALYZER_NUMBER_OBJECT_CONVERSION = YES_AGGRESSIVE;
				CLANG_CXX_LANGUAGE_STANDARD = "gnu++20";
				CLANG_ENABLE_MODULES = YES;
				CLANG_ENABLE_OBJC_ARC = YES;
				CLANG_ENABLE_OBJC_WEAK = YES;
				CLANG_WARN_BLOCK_CAPTURE_AUTORELEASING = YES;
				CLANG_WARN_BOOL_CONVERSION = YES;
				CLANG_WARN_COMMA = YES;
				CLANG_WARN_CONSTANT_CONVERSION = YES;
				CLANG_WARN_DEPRECATED_OBJC_IMPLEMENTATIONS = YES;
				CLANG_WARN_DIRECT_OBJC_ISA_USAGE = YES_ERROR;
				CLANG_WARN_DOCUMENTATION_COMMENTS = YES;
				CLANG_WARN_EMPTY_BODY = YES;
				CLANG_WARN_ENUM_CONVERSION = YES;
				CLANG_WARN_INFINITE_RECURSION = YES;
				CLANG_WARN_INT_CONVERSION = YES;
				CLANG_WARN_NON_LITERAL_NULL_CONVERSION = YES;
				CLANG_WARN_OBJC_IMPLICIT_RETAIN_SELF = YES;
				CLANG_WARN_OBJC_LITERAL_CONVERSION = YES;
				CLANG_WARN_OBJC_ROOT_CLASS = YES_ERROR;
				CLANG_WARN_QUOTED_INCLUDE_IN_FRAMEWORK_HEADER = YES;
				CLANG_WARN_RANGE_LOOP_ANALYSIS = YES;
				CLANG_WARN_STRICT_PROTOTYPES = YES;
				CLANG_WARN_SUSPICIOUS_MOVE = YES;
				CLANG_WARN_UNGUARDED_AVAILABILITY = YES_AGGRESSIVE;
				CLANG_WARN_UNREACHABLE_CODE = YES;
				CLANG_WARN__DUPLICATE_METHOD_MATCH = YES;
				COPY_PHASE_STRIP = NO;
				DEBUG_INFORMATION_FORMAT = dwarf;
				ENABLE_STRICT_OBJC_MSGSEND = YES;
				ENABLE_TESTABILITY = YES;
				ENABLE_USER_SCRIPT_SANDBOXING = YES;
				GCC_C_LANGUAGE_STANDARD = gnu17;
				GCC_DYNAMIC_NO_PIC = NO;
				GCC_NO_COMMON_BLOCKS = YES;
				GCC_OPTIMIZATION_LEVEL = 0;
				GCC_PREPROCESSOR_DEFINITIONS = (
					"DEBUG=1",
					"$(inherited)",
				);
				GCC_WARN_64_TO_32_BIT_CONVERSION = YES;
				GCC_WARN_ABOUT_RETURN_TYPE = YES_ERROR;
				GCC_WARN_UNDECLARED_SELECTOR = YES;
				GCC_WARN_UNINITIALIZED_AUTOS = YES_AGGRESSIVE;
				GCC_WARN_UNUSED_FUNCTION = YES;
				GCC_WARN_UNUSED_VARIABLE = YES;
				IPHONEOS_DEPLOYMENT_TARGET = 17.2;
				LOCALIZATION_PREFERS_STRING_CATALOGS = YES;
				MTL_ENABLE_DEBUG_INFO = INCLUDE_SOURCE;
				MTL_FAST_MATH = YES;
				ONLY_ACTIVE_ARCH = YES;
				SDKROOT = iphoneos;
				SWIFT_ACTIVE_COMPILATION_CONDITIONS = "DEBUG $(inherited)";
				SWIFT_OPTIMIZATION_LEVEL = "-Onone";
			};
			name = Debug;
		};
		BCEB54B42B4161F3000FA68E /* Release */ = {
			isa = XCBuildConfiguration;
			buildSettings = {
				ALWAYS_SEARCH_USER_PATHS = NO;
				ASSETCATALOG_COMPILER_GENERATE_SWIFT_ASSET_SYMBOL_EXTENSIONS = YES;
				CLANG_ANALYZER_NONNULL = YES;
				CLANG_ANALYZER_NUMBER_OBJECT_CONVERSION = YES_AGGRESSIVE;
				CLANG_CXX_LANGUAGE_STANDARD = "gnu++20";
				CLANG_ENABLE_MODULES = YES;
				CLANG_ENABLE_OBJC_ARC = YES;
				CLANG_ENABLE_OBJC_WEAK = YES;
				CLANG_WARN_BLOCK_CAPTURE_AUTORELEASING = YES;
				CLANG_WARN_BOOL_CONVERSION = YES;
				CLANG_WARN_COMMA = YES;
				CLANG_WARN_CONSTANT_CONVERSION = YES;
				CLANG_WARN_DEPRECATED_OBJC_IMPLEMENTATIONS = YES;
				CLANG_WARN_DIRECT_OBJC_ISA_USAGE = YES_ERROR;
				CLANG_WARN_DOCUMENTATION_COMMENTS = YES;
				CLANG_WARN_EMPTY_BODY = YES;
				CLANG_WARN_ENUM_CONVERSION = YES;
				CLANG_WARN_INFINITE_RECURSION = YES;
				CLANG_WARN_INT_CONVERSION = YES;
				CLANG_WARN_NON_LITERAL_NULL_CONVERSION = YES;
				CLANG_WARN_OBJC_IMPLICIT_RETAIN_SELF = YES;
				CLANG_WARN_OBJC_LITERAL_CONVERSION = YES;
				CLANG_WARN_OBJC_ROOT_CLASS = YES_ERROR;
				CLANG_WARN_QUOTED_INCLUDE_IN_FRAMEWORK_HEADER = YES;
				CLANG_WARN_RANGE_LOOP_ANALYSIS = YES;
				CLANG_WARN_STRICT_PROTOTYPES = YES;
				CLANG_WARN_SUSPICIOUS_MOVE = YES;
				CLANG_WARN_UNGUARDED_AVAILABILITY = YES_AGGRESSIVE;
				CLANG_WARN_UNREACHABLE_CODE = YES;
				CLANG_WARN__DUPLICATE_METHOD_MATCH = YES;
				COPY_PHASE_STRIP = NO;
				DEBUG_INFORMATION_FORMAT = "dwarf-with-dsym";
				ENABLE_NS_ASSERTIONS = NO;
				ENABLE_STRICT_OBJC_MSGSEND = YES;
				ENABLE_USER_SCRIPT_SANDBOXING = YES;
				GCC_C_LANGUAGE_STANDARD = gnu17;
				GCC_NO_COMMON_BLOCKS = YES;
				GCC_WARN_64_TO_32_BIT_CONVERSION = YES;
				GCC_WARN_ABOUT_RETURN_TYPE = YES_ERROR;
				GCC_WARN_UNDECLARED_SELECTOR = YES;
				GCC_WARN_UNINITIALIZED_AUTOS = YES_AGGRESSIVE;
				GCC_WARN_UNUSED_FUNCTION = YES;
				GCC_WARN_UNUSED_VARIABLE = YES;
				IPHONEOS_DEPLOYMENT_TARGET = 17.2;
				LOCALIZATION_PREFERS_STRING_CATALOGS = YES;
				MTL_ENABLE_DEBUG_INFO = NO;
				MTL_FAST_MATH = YES;
				SDKROOT = iphoneos;
				SWIFT_COMPILATION_MODE = wholemodule;
				VALIDATE_PRODUCT = YES;
			};
			name = Release;
		};
		BCEB54B62B4161F3000FA68E /* Debug */ = {
			isa = XCBuildConfiguration;
			buildSettings = {
				ASSETCATALOG_COMPILER_APPICON_NAME = AppIcon;
				ASSETCATALOG_COMPILER_GLOBAL_ACCENT_COLOR_NAME = AccentColor;
				CODE_SIGN_STYLE = Automatic;
				CURRENT_PROJECT_VERSION = 1;
				DEVELOPMENT_TEAM = 5P444KAF92;
				GENERATE_INFOPLIST_FILE = YES;
				INFOPLIST_FILE = DjangoLocalization/Info.plist;
				INFOPLIST_KEY_UIApplicationSupportsIndirectInputEvents = YES;
				INFOPLIST_KEY_UILaunchStoryboardName = LaunchScreen;
				INFOPLIST_KEY_UIMainStoryboardFile = Main;
				INFOPLIST_KEY_UISupportedInterfaceOrientations_iPad = "UIInterfaceOrientationPortrait UIInterfaceOrientationPortraitUpsideDown UIInterfaceOrientationLandscapeLeft UIInterfaceOrientationLandscapeRight";
				INFOPLIST_KEY_UISupportedInterfaceOrientations_iPhone = "UIInterfaceOrientationPortrait UIInterfaceOrientationLandscapeLeft UIInterfaceOrientationLandscapeRight";
				LD_RUNPATH_SEARCH_PATHS = (
					"$(inherited)",
					"@executable_path/Frameworks",
				);
				MARKETING_VERSION = 1.0;
				PRODUCT_BUNDLE_IDENTIFIER = com.hl.TestTflite.DjangoLocalization;
				PRODUCT_NAME = "$(TARGET_NAME)";
				SWIFT_EMIT_LOC_STRINGS = YES;
				SWIFT_VERSION = 5.0;
				TARGETED_DEVICE_FAMILY = "1,2";
			};
			name = Debug;
		};
		BCEB54B72B4161F3000FA68E /* Release */ = {
			isa = XCBuildConfiguration;
			buildSettings = {
				ASSETCATALOG_COMPILER_APPICON_NAME = AppIcon;
				ASSETCATALOG_COMPILER_GLOBAL_ACCENT_COLOR_NAME = AccentColor;
				CODE_SIGN_STYLE = Automatic;
				CURRENT_PROJECT_VERSION = 1;
				DEVELOPMENT_TEAM = 5P444KAF92;
				GENERATE_INFOPLIST_FILE = YES;
				INFOPLIST_FILE = DjangoLocalization/Info.plist;
				INFOPLIST_KEY_UIApplicationSupportsIndirectInputEvents = YES;
				INFOPLIST_KEY_UILaunchStoryboardName = LaunchScreen;
				INFOPLIST_KEY_UIMainStoryboardFile = Main;
				INFOPLIST_KEY_UISupportedInterfaceOrientations_iPad = "UIInterfaceOrientationPortrait UIInterfaceOrientationPortraitUpsideDown UIInterfaceOrientationLandscapeLeft UIInterfaceOrientationLandscapeRight";
				INFOPLIST_KEY_UISupportedInterfaceOrientations_iPhone = "UIInterfaceOrientationPortrait UIInterfaceOrientationLandscapeLeft UIInterfaceOrientationLandscapeRight";
				LD_RUNPATH_SEARCH_PATHS = (
					"$(inherited)",
					"@executable_path/Frameworks",
				);
				MARKETING_VERSION = 1.0;
				PRODUCT_BUNDLE_IDENTIFIER = com.hl.TestTflite.DjangoLocalization;
				PRODUCT_NAME = "$(TARGET_NAME)";
				SWIFT_EMIT_LOC_STRINGS = YES;
				SWIFT_VERSION = 5.0;
				TARGETED_DEVICE_FAMILY = "1,2";
			};
			name = Release;
		};
/* End XCBuildConfiguration section */

/* Begin XCConfigurationList section */
		BCEB549C2B4161F0000FA68E /* Build configuration list for PBXProject "DjangoLocalization" */ = {
			isa = XCConfigurationList;
			buildConfigurations = (
				BCEB54B32B4161F3000FA68E /* Debug */,
				BCEB54B42B4161F3000FA68E /* Release */,
			);
			defaultConfigurationIsVisible = 0;
			defaultConfigurationName = Release;
		};
		BCEB54B52B4161F3000FA68E /* Build configuration list for PBXNativeTarget "DjangoLocalization" */ = {
			isa = XCConfigurationList;
			buildConfigurations = (
				BCEB54B62B4161F3000FA68E /* Debug */,
				BCEB54B72B4161F3000FA68E /* Release */,
			);
			defaultConfigurationIsVisible = 0;
			defaultConfigurationName = Release;
		};
/* End XCConfigurationList section */
	};
	rootObject = BCEB54992B4161F0000FA68E /* Project object */;
}
